
Microsoft Visual Studio Solution File, Format Version 12.00
# Visual Studio Version 17
VisualStudioVersion = 17.3.32929.385
MinimumVisualStudioVersion = 10.0.40219.1
Project("{FAE04EC0-301F-11D3-BF4B-00C04F79EFBC}") = "App", "App\App.csproj", "{8606A974-5484-408A-8C40-1AC068074E2D}"
EndProject
Global
	GlobalSection(SolutionConfigurationPlatforms) = preSolution
		Debug|Any CPU = Debug|Any CPU
		Release|Any CPU = Release|Any CPU
	EndGlobalSection
	GlobalSection(ProjectConfigurationPlatforms) = postSolution
		{8606A974-5484-408A-8C40-1AC068074E2D}.Debug|Any CPU.ActiveCfg = Debug|Any CPU
		{8606A974-5484-408A-8C40-1AC068074E2D}.Debug|Any CPU.Build.0 = Debug|Any CPU
		{8606A974-5484-408A-8C40-1AC068074E2D}.Release|Any CPU.ActiveCfg = Release|Any CPU
		{8606A974-5484-408A-8C40-1AC068074E2D}.Release|Any CPU.Build.0 = Release|Any CPU
	EndGlobalSection
	GlobalSection(SolutionProperties) = preSolution
		HideSolutionNode = FALSE
	EndGlobalSection
	GlobalSection(ExtensibilityGlobals) = postSolution
		SolutionGuid = {14336E11-C00E-4E90-BA62-20CD26139E85}
	EndGlobalSection
EndGlobal
